PODS:
  - DZNEmptyDataSet (1.8.1)
  - RSBarcodes (0.1.4)

DEPENDENCIES:
  - DZNEmptyDataSet
  - RSBarcodes (~> 0.1.3)

SPEC CHECKSUMS:
  DZNEmptyDataSet: 9525833b9e68ac21c30253e1d3d7076cc828eaa7
  RSBarcodes: 6b062b5aba3e75a5e889b2465ef1bb256215fbd0

PODFILE CHECKSUM: 3ab923230be3c836a60c8bfa6818511c0028d95b

COCOAPODS: 1.1.1
