// !$*UTF8*$!
{
	archiveVersion = 1;
	classes = {
	};
	objectVersion = 46;
	objects = {

/* Begin PBXBuildFile section */
		4AFF9FDFC4AA507DEA1C8753 /* Pods_KarticeTests.framework in Frameworks */ = {isa = PBXBuildFile; fileRef = EF2EF2EECDB8836257775636 /* Pods_KarticeTests.framework */; };
		97E7C5A5F1BA8B4D4C2955E5 /* Pods_KarticeUITests.framework in Frameworks */ = {isa = PBXBuildFile; fileRef = 7CD13828A28A51FD1864685D /* Pods_KarticeUITests.framework */; };
		A40B79021DD106E0003591F7 /* readerViewController.swift in Sources */ = {isa = PBXBuildFile; fileRef = A40B79011DD106E0003591F7 /* readerViewController.swift */; };
		A40C80D71DCFD51E00006291 /* customCell.swift in Sources */ = {isa = PBXBuildFile; fileRef = A40C80D61DCFD51E00006291 /* customCell.swift */; };
		A4145D031DCD464800770B8D /* AppDelegate.swift in Sources */ = {isa = PBXBuildFile; fileRef = A4145D021DCD464800770B8D /* AppDelegate.swift */; };
		A4145D051DCD464800770B8D /* ViewController.swift in Sources */ = {isa = PBXBuildFile; fileRef = A4145D041DCD464800770B8D /* ViewController.swift */; };
		A4145D0B1DCD464800770B8D /* Kartice.xcdatamodeld in Sources */ = {isa = PBXBuildFile; fileRef = A4145D091DCD464800770B8D /* Kartice.xcdatamodeld */; };
		A4145D101DCD464800770B8D /* LaunchScreen.storyboard in Resources */ = {isa = PBXBuildFile; fileRef = A4145D0E1DCD464800770B8D /* LaunchScreen.storyboard */; };
		A4145D1B1DCD464800770B8D /* KarticeTests.swift in Sources */ = {isa = PBXBuildFile; fileRef = A4145D1A1DCD464800770B8D /* KarticeTests.swift */; };
		A4145D261DCD464800770B8D /* KarticeUITests.swift in Sources */ = {isa = PBXBuildFile; fileRef = A4145D251DCD464800770B8D /* KarticeUITests.swift */; };
		A442AAEB1DCE1EC200E2E587 /* extensionsForViewController.swift in Sources */ = {isa = PBXBuildFile; fileRef = A442AAEA1DCE1EC200E2E587 /* extensionsForViewController.swift */; };
		A4AAF3901E30BF380092FB74 /* Assets.xcassets in Resources */ = {isa = PBXBuildFile; fileRef = A4AAF38F1E30BF380092FB74 /* Assets.xcassets */; };
		A4AC9BFE1DE4C82D00A44559 /* NotificationCenter.framework in Frameworks */ = {isa = PBXBuildFile; fileRef = A4AC9BFD1DE4C82D00A44559 /* NotificationCenter.framework */; };
		A4AC9C011DE4C82D00A44559 /* TodayViewController.swift in Sources */ = {isa = PBXBuildFile; fileRef = A4AC9C001DE4C82D00A44559 /* TodayViewController.swift */; };
		A4AC9C041DE4C82D00A44559 /* MainInterface.storyboard in Resources */ = {isa = PBXBuildFile; fileRef = A4AC9C021DE4C82D00A44559 /* MainInterface.storyboard */; };
		A4AC9C081DE4C82D00A44559 /* today.appex in Embed App Extensions */ = {isa = PBXBuildFile; fileRef = A4AC9BFC1DE4C82D00A44559 /* today.appex */; settings = {ATTRIBUTES = (RemoveHeadersOnCopy, ); }; };
		A4B520941DCF62150046597D /* displayDataController.swift in Sources */ = {isa = PBXBuildFile; fileRef = A4B520931DCF62150046597D /* displayDataController.swift */; };
		A4D6BC001DD4D4FA00AC7DE6 /* barcodesParser.swift in Sources */ = {isa = PBXBuildFile; fileRef = A4D6BBFF1DD4D4FA00AC7DE6 /* barcodesParser.swift */; };
		A4E3D06C1E33A0F200213B08 /* Main.storyboard in Resources */ = {isa = PBXBuildFile; fileRef = A4E3D06A1E33A0F200213B08 /* Main.storyboard */; };
		A4F203D21DCE2DD3006B20B7 /* mainViewController.swift in Sources */ = {isa = PBXBuildFile; fileRef = A4F203D11DCE2DD3006B20B7 /* mainViewController.swift */; };
		E6204D6F389CDB81A6120CCB /* Pods_Kartice.framework in Frameworks */ = {isa = PBXBuildFile; fileRef = 63375C37C71030C5DCF92BC0 /* Pods_Kartice.framework */; };
/* End PBXBuildFile section */

/* Begin PBXContainerItemProxy section */
		A4145D171DCD464800770B8D /* PBXContainerItemProxy */ = {
			isa = PBXContainerItemProxy;
			containerPortal = A4145CF71DCD464800770B8D /* Project object */;
			proxyType = 1;
			remoteGlobalIDString = A4145CFE1DCD464800770B8D;
			remoteInfo = Kartice;
		};
		A4145D221DCD464800770B8D /* PBXContainerItemProxy */ = {
			isa = PBXContainerItemProxy;
			containerPortal = A4145CF71DCD464800770B8D /* Project object */;
			proxyType = 1;
			remoteGlobalIDString = A4145CFE1DCD464800770B8D;
			remoteInfo = Kartice;
		};
		A4AC9C061DE4C82D00A44559 /* PBXContainerItemProxy */ = {
			isa = PBXContainerItemProxy;
			containerPortal = A4145CF71DCD464800770B8D /* Project object */;
			proxyType = 1;
			remoteGlobalIDString = A4AC9BFB1DE4C82D00A44559;
			remoteInfo = today;
		};
/* End PBXContainerItemProxy section */

/* Begin PBXCopyFilesBuildPhase section */
		A4AC9C0C1DE4C82D00A44559 /* Embed App Extensions */ = {
			isa = PBXCopyFilesBuildPhase;
			buildActionMask = 2147483647;
			dstPath = "";
			dstSubfolderSpec = 13;
			files = (
				A4AC9C081DE4C82D00A44559 /* today.appex in Embed App Extensions */,
			);
			name = "Embed App Extensions";
			runOnlyForDeploymentPostprocessing = 0;
		};
/* End PBXCopyFilesBuildPhase section */

/* Begin PBXFileReference section */
		3E6506CB2CF70DB005434040 /* Pods-Kartice.debug.xcconfig */ = {isa = PBXFileReference; includeInIndex = 1; lastKnownFileType = text.xcconfig; name = "Pods-Kartice.debug.xcconfig"; path = "Pods/Target Support Files/Pods-Kartice/Pods-Kartice.debug.xcconfig"; sourceTree = "<group>"; };
		63375C37C71030C5DCF92BC0 /* Pods_Kartice.framework */ = {isa = PBXFileReference; explicitFileType = wrapper.framework; includeInIndex = 0; path = Pods_Kartice.framework; sourceTree = BUILT_PRODUCTS_DIR; };
		75A56B484E3918097C66DF67 /* Pods-KarticeUITests.debug.xcconfig */ = {isa = PBXFileReference; includeInIndex = 1; lastKnownFileType = text.xcconfig; name = "Pods-KarticeUITests.debug.xcconfig"; path = "Pods/Target Support Files/Pods-KarticeUITests/Pods-KarticeUITests.debug.xcconfig"; sourceTree = "<group>"; };
		7CD13828A28A51FD1864685D /* Pods_KarticeUITests.framework */ = {isa = PBXFileReference; explicitFileType = wrapper.framework; includeInIndex = 0; path = Pods_KarticeUITests.framework; sourceTree = BUILT_PRODUCTS_DIR; };
		873B815D678435A55D12EABD /* Pods-KarticeUITests.release.xcconfig */ = {isa = PBXFileReference; includeInIndex = 1; lastKnownFileType = text.xcconfig; name = "Pods-KarticeUITests.release.xcconfig"; path = "Pods/Target Support Files/Pods-KarticeUITests/Pods-KarticeUITests.release.xcconfig"; sourceTree = "<group>"; };
		8A6923531EFA88B523EF659A /* Pods-KarticeTests.debug.xcconfig */ = {isa = PBXFileReference; includeInIndex = 1; lastKnownFileType = text.xcconfig; name = "Pods-KarticeTests.debug.xcconfig"; path = "Pods/Target Support Files/Pods-KarticeTests/Pods-KarticeTests.debug.xcconfig"; sourceTree = "<group>"; };
		A40B79011DD106E0003591F7 /* readerViewController.swift */ = {isa = PBXFileReference; fileEncoding = 4; lastKnownFileType = sourcecode.swift; path = readerViewController.swift; sourceTree = "<group>"; };
		A40C80D61DCFD51E00006291 /* customCell.swift */ = {isa = PBXFileReference; fileEncoding = 4; lastKnownFileType = sourcecode.swift; path = customCell.swift; sourceTree = "<group>"; };
		A4145CFF1DCD464800770B8D /* Kartice.app */ = {isa = PBXFileReference; explicitFileType = wrapper.application; includeInIndex = 0; path = Kartice.app; sourceTree = BUILT_PRODUCTS_DIR; };
		A4145D021DCD464800770B8D /* AppDelegate.swift */ = {isa = PBXFileReference; lastKnownFileType = sourcecode.swift; path = AppDelegate.swift; sourceTree = "<group>"; };
		A4145D041DCD464800770B8D /* ViewController.swift */ = {isa = PBXFileReference; lastKnownFileType = sourcecode.swift; path = ViewController.swift; sourceTree = "<group>"; };
		A4145D0A1DCD464800770B8D /* Kartice.xcdatamodel */ = {isa = PBXFileReference; lastKnownFileType = wrapper.xcdatamodel; path = Kartice.xcdatamodel; sourceTree = "<group>"; };
		A4145D0F1DCD464800770B8D /* Base */ = {isa = PBXFileReference; lastKnownFileType = file.storyboard; name = Base; path = Base.lproj/LaunchScreen.storyboard; sourceTree = "<group>"; };
		A4145D111DCD464800770B8D /* Info.plist */ = {isa = PBXFileReference; lastKnownFileType = text.plist.xml; path = Info.plist; sourceTree = "<group>"; };
		A4145D161DCD464800770B8D /* KarticeTests.xctest */ = {isa = PBXFileReference; explicitFileType = wrapper.cfbundle; includeInIndex = 0; path = KarticeTests.xctest; sourceTree = BUILT_PRODUCTS_DIR; };
		A4145D1A1DCD464800770B8D /* KarticeTests.swift */ = {isa = PBXFileReference; lastKnownFileType = sourcecode.swift; path = KarticeTests.swift; sourceTree = "<group>"; };
		A4145D1C1DCD464800770B8D /* Info.plist */ = {isa = PBXFileReference; lastKnownFileType = text.plist.xml; path = Info.plist; sourceTree = "<group>"; };
		A4145D211DCD464800770B8D /* KarticeUITests.xctest */ = {isa = PBXFileReference; explicitFileType = wrapper.cfbundle; includeInIndex = 0; path = KarticeUITests.xctest; sourceTree = BUILT_PRODUCTS_DIR; };
		A4145D251DCD464800770B8D /* KarticeUITests.swift */ = {isa = PBXFileReference; lastKnownFileType = sourcecode.swift; path = KarticeUITests.swift; sourceTree = "<group>"; };
		A4145D271DCD464800770B8D /* Info.plist */ = {isa = PBXFileReference; lastKnownFileType = text.plist.xml; path = Info.plist; sourceTree = "<group>"; };
		A442AAEA1DCE1EC200E2E587 /* extensionsForViewController.swift */ = {isa = PBXFileReference; fileEncoding = 4; lastKnownFileType = sourcecode.swift; path = extensionsForViewController.swift; sourceTree = "<group>"; };
		A4AAF38F1E30BF380092FB74 /* Assets.xcassets */ = {isa = PBXFileReference; lastKnownFileType = folder.assetcatalog; path = Assets.xcassets; sourceTree = "<group>"; };
		A4AC9BFC1DE4C82D00A44559 /* today.appex */ = {isa = PBXFileReference; explicitFileType = "wrapper.app-extension"; includeInIndex = 0; path = today.appex; sourceTree = BUILT_PRODUCTS_DIR; };
		A4AC9BFD1DE4C82D00A44559 /* NotificationCenter.framework */ = {isa = PBXFileReference; lastKnownFileType = wrapper.framework; name = NotificationCenter.framework; path = System/Library/Frameworks/NotificationCenter.framework; sourceTree = SDKROOT; };
		A4AC9C001DE4C82D00A44559 /* TodayViewController.swift */ = {isa = PBXFileReference; lastKnownFileType = sourcecode.swift; path = TodayViewController.swift; sourceTree = "<group>"; };
		A4AC9C031DE4C82D00A44559 /* Base */ = {isa = PBXFileReference; lastKnownFileType = file.storyboard; name = Base; path = Base.lproj/MainInterface.storyboard; sourceTree = "<group>"; };
		A4AC9C051DE4C82D00A44559 /* Info.plist */ = {isa = PBXFileReference; lastKnownFileType = text.plist.xml; path = Info.plist; sourceTree = "<group>"; };
		A4AC9C0D1DE4CAFB00A44559 /* Kartice.entitlements */ = {isa = PBXFileReference; lastKnownFileType = text.plist.entitlements; path = Kartice.entitlements; sourceTree = "<group>"; };
		A4AC9C0E1DE4CB0600A44559 /* today.entitlements */ = {isa = PBXFileReference; lastKnownFileType = text.plist.entitlements; path = today.entitlements; sourceTree = "<group>"; };
		A4B520931DCF62150046597D /* displayDataController.swift */ = {isa = PBXFileReference; fileEncoding = 4; lastKnownFileType = sourcecode.swift; name = displayDataController.swift; path = ../displayDataController.swift; sourceTree = "<group>"; };
		A4D6BBFF1DD4D4FA00AC7DE6 /* barcodesParser.swift */ = {isa = PBXFileReference; fileEncoding = 4; lastKnownFileType = sourcecode.swift; path = barcodesParser.swift; sourceTree = "<group>"; };
		A4E3D06B1E33A0F200213B08 /* Base */ = {isa = PBXFileReference; lastKnownFileType = file.storyboard; name = Base; path = Base.lproj/Main.storyboard; sourceTree = "<group>"; };
		A4F203D11DCE2DD3006B20B7 /* mainViewController.swift */ = {isa = PBXFileReference; fileEncoding = 4; lastKnownFileType = sourcecode.swift; path = mainViewController.swift; sourceTree = "<group>"; };
		C94CC68DF0E5D3079D94434C /* Pods-KarticeTests.release.xcconfig */ = {isa = PBXFileReference; includeInIndex = 1; lastKnownFileType = text.xcconfig; name = "Pods-KarticeTests.release.xcconfig"; path = "Pods/Target Support Files/Pods-KarticeTests/Pods-KarticeTests.release.xcconfig"; sourceTree = "<group>"; };
		D70A3945BF102C35EF1D9E2A /* Pods-Kartice.release.xcconfig */ = {isa = PBXFileReference; includeInIndex = 1; lastKnownFileType = text.xcconfig; name = "Pods-Kartice.release.xcconfig"; path = "Pods/Target Support Files/Pods-Kartice/Pods-Kartice.release.xcconfig"; sourceTree = "<group>"; };
		EF2EF2EECDB8836257775636 /* Pods_KarticeTests.framework */ = {isa = PBXFileReference; explicitFileType = wrapper.framework; includeInIndex = 0; path = Pods_KarticeTests.framework; sourceTree = BUILT_PRODUCTS_DIR; };
/* End PBXFileReference section */

/* Begin PBXFrameworksBuildPhase section */
		A4145CFC1DCD464800770B8D /* Frameworks */ = {
			isa = PBXFrameworksBuildPhase;
			buildActionMask = 2147483647;
			files = (
				E6204D6F389CDB81A6120CCB /* Pods_Kartice.framework in Frameworks */,
			);
			runOnlyForDeploymentPostprocessing = 0;
		};
		A4145D131DCD464800770B8D /* Frameworks */ = {
			isa = PBXFrameworksBuildPhase;
			buildActionMask = 2147483647;
			files = (
				4AFF9FDFC4AA507DEA1C8753 /* Pods_KarticeTests.framework in Frameworks */,
			);
			runOnlyForDeploymentPostprocessing = 0;
		};
		A4145D1E1DCD464800770B8D /* Frameworks */ = {
			isa = PBXFrameworksBuildPhase;
			buildActionMask = 2147483647;
			files = (
				97E7C5A5F1BA8B4D4C2955E5 /* Pods_KarticeUITests.framework in Frameworks */,
			);
			runOnlyForDeploymentPostprocessing = 0;
		};
		A4AC9BF91DE4C82D00A44559 /* Frameworks */ = {
			isa = PBXFrameworksBuildPhase;
			buildActionMask = 2147483647;
			files = (
				A4AC9BFE1DE4C82D00A44559 /* NotificationCenter.framework in Frameworks */,
			);
			runOnlyForDeploymentPostprocessing = 0;
		};
/* End PBXFrameworksBuildPhase section */

/* Begin PBXGroup section */
		5A52098AFC3A4E35DCCB7DA3 /* Pods */ = {
			isa = PBXGroup;
			children = (
				3E6506CB2CF70DB005434040 /* Pods-Kartice.debug.xcconfig */,
				D70A3945BF102C35EF1D9E2A /* Pods-Kartice.release.xcconfig */,
				8A6923531EFA88B523EF659A /* Pods-KarticeTests.debug.xcconfig */,
				C94CC68DF0E5D3079D94434C /* Pods-KarticeTests.release.xcconfig */,
				75A56B484E3918097C66DF67 /* Pods-KarticeUITests.debug.xcconfig */,
				873B815D678435A55D12EABD /* Pods-KarticeUITests.release.xcconfig */,
			);
			name = Pods;
			sourceTree = "<group>";
		};
		A4145CF61DCD464800770B8D = {
			isa = PBXGroup;
			children = (
				A4145D011DCD464800770B8D /* Kartice */,
				A4145D191DCD464800770B8D /* KarticeTests */,
				A4145D241DCD464800770B8D /* KarticeUITests */,
				A4AC9BFF1DE4C82D00A44559 /* today */,
				A4145D001DCD464800770B8D /* Products */,
				5A52098AFC3A4E35DCCB7DA3 /* Pods */,
				E7B2CBEC1793430D2B58F611 /* Frameworks */,
			);
			sourceTree = "<group>";
		};
		A4145D001DCD464800770B8D /* Products */ = {
			isa = PBXGroup;
			children = (
				A4145CFF1DCD464800770B8D /* Kartice.app */,
				A4145D161DCD464800770B8D /* KarticeTests.xctest */,
				A4145D211DCD464800770B8D /* KarticeUITests.xctest */,
				A4AC9BFC1DE4C82D00A44559 /* today.appex */,
			);
			name = Products;
			sourceTree = "<group>";
		};
		A4145D011DCD464800770B8D /* Kartice */ = {
			isa = PBXGroup;
			children = (
				A4AC9C0D1DE4CAFB00A44559 /* Kartice.entitlements */,
				A4D6BC011DD4E33900AC7DE6 /* supporting classes */,
				A4D6BC051DD4E3A500AC7DE6 /* new card View */,
				A4D6BC021DD4E37500AC7DE6 /* reader view */,
				A4D6BC031DD4E38700AC7DE6 /* main View */,
				A4D6BC041DD4E38D00AC7DE6 /* display View */,
				A4145D0E1DCD464800770B8D /* LaunchScreen.storyboard */,
				A4E3D06A1E33A0F200213B08 /* Main.storyboard */,
				A4AAF38F1E30BF380092FB74 /* Assets.xcassets */,
				A4145D111DCD464800770B8D /* Info.plist */,
				A4145D091DCD464800770B8D /* Kartice.xcdatamodeld */,
			);
			path = Kartice;
			sourceTree = "<group>";
		};
		A4145D191DCD464800770B8D /* KarticeTests */ = {
			isa = PBXGroup;
			children = (
				A4145D1A1DCD464800770B8D /* KarticeTests.swift */,
				A4145D1C1DCD464800770B8D /* Info.plist */,
			);
			path = KarticeTests;
			sourceTree = "<group>";
		};
		A4145D241DCD464800770B8D /* KarticeUITests */ = {
			isa = PBXGroup;
			children = (
				A4145D251DCD464800770B8D /* KarticeUITests.swift */,
				A4145D271DCD464800770B8D /* Info.plist */,
			);
			path = KarticeUITests;
			sourceTree = "<group>";
		};
		A4AC9BFF1DE4C82D00A44559 /* today */ = {
			isa = PBXGroup;
			children = (
				A4AC9C0E1DE4CB0600A44559 /* today.entitlements */,
				A4AC9C001DE4C82D00A44559 /* TodayViewController.swift */,
				A4AC9C021DE4C82D00A44559 /* MainInterface.storyboard */,
				A4AC9C051DE4C82D00A44559 /* Info.plist */,
			);
			path = today;
			sourceTree = "<group>";
		};
		A4D6BC011DD4E33900AC7DE6 /* supporting classes */ = {
			isa = PBXGroup;
			children = (
				A4145D021DCD464800770B8D /* AppDelegate.swift */,
				A4D6BBFF1DD4D4FA00AC7DE6 /* barcodesParser.swift */,
				A442AAEA1DCE1EC200E2E587 /* extensionsForViewController.swift */,
			);
			name = "supporting classes";
			sourceTree = "<group>";
		};
		A4D6BC021DD4E37500AC7DE6 /* reader view */ = {
			isa = PBXGroup;
			children = (
				A40B79011DD106E0003591F7 /* readerViewController.swift */,
			);
			name = "reader view";
			sourceTree = "<group>";
		};
		A4D6BC031DD4E38700AC7DE6 /* main View */ = {
			isa = PBXGroup;
			children = (
				A4F203D11DCE2DD3006B20B7 /* mainViewController.swift */,
				A40C80D61DCFD51E00006291 /* customCell.swift */,
			);
			name = "main View";
			sourceTree = "<group>";
		};
		A4D6BC041DD4E38D00AC7DE6 /* display View */ = {
			isa = PBXGroup;
			children = (
				A4B520931DCF62150046597D /* displayDataController.swift */,
			);
			name = "display View";
			sourceTree = "<group>";
		};
		A4D6BC051DD4E3A500AC7DE6 /* new card View */ = {
			isa = PBXGroup;
			children = (
				A4145D041DCD464800770B8D /* ViewController.swift */,
			);
			name = "new card View";
			sourceTree = "<group>";
		};
		E7B2CBEC1793430D2B58F611 /* Frameworks */ = {
			isa = PBXGroup;
			children = (
				63375C37C71030C5DCF92BC0 /* Pods_Kartice.framework */,
				EF2EF2EECDB8836257775636 /* Pods_KarticeTests.framework */,
				7CD13828A28A51FD1864685D /* Pods_KarticeUITests.framework */,
				A4AC9BFD1DE4C82D00A44559 /* NotificationCenter.framework */,
			);
			name = Frameworks;
			sourceTree = "<group>";
		};
/* End PBXGroup section */

/* Begin PBXNativeTarget section */
		A4145CFE1DCD464800770B8D /* Kartice */ = {
			isa = PBXNativeTarget;
			buildConfigurationList = A4145D2A1DCD464800770B8D /* Build configuration list for PBXNativeTarget "Kartice" */;
			buildPhases = (
				1433AF0A31635FC02AF40317 /* [CP] Check Pods Manifest.lock */,
				A4145CFB1DCD464800770B8D /* Sources */,
				A4145CFC1DCD464800770B8D /* Frameworks */,
				A4145CFD1DCD464800770B8D /* Resources */,
				1E01C151D3C15FDA3649FFE5 /* [CP] Embed Pods Frameworks */,
				F228314CDFC320CEBCA927B7 /* [CP] Copy Pods Resources */,
				A4AC9C0C1DE4C82D00A44559 /* Embed App Extensions */,
			);
			buildRules = (
			);
			dependencies = (
				A4AC9C071DE4C82D00A44559 /* PBXTargetDependency */,
			);
			name = Kartice;
			productName = Kartice;
			productReference = A4145CFF1DCD464800770B8D /* Kartice.app */;
			productType = "com.apple.product-type.application";
		};
		A4145D151DCD464800770B8D /* KarticeTests */ = {
			isa = PBXNativeTarget;
			buildConfigurationList = A4145D2D1DCD464800770B8D /* Build configuration list for PBXNativeTarget "KarticeTests" */;
			buildPhases = (
				47193FBC2628F2E3C04802D0 /* [CP] Check Pods Manifest.lock */,
				A4145D121DCD464800770B8D /* Sources */,
				A4145D131DCD464800770B8D /* Frameworks */,
				A4145D141DCD464800770B8D /* Resources */,
				2C34597B6678B82B12B0809A /* [CP] Embed Pods Frameworks */,
				12E904BFEBD499801AA7C95D /* [CP] Copy Pods Resources */,
			);
			buildRules = (
			);
			dependencies = (
				A4145D181DCD464800770B8D /* PBXTargetDependency */,
			);
			name = KarticeTests;
			productName = KarticeTests;
			productReference = A4145D161DCD464800770B8D /* KarticeTests.xctest */;
			productType = "com.apple.product-type.bundle.unit-test";
		};
		A4145D201DCD464800770B8D /* KarticeUITests */ = {
			isa = PBXNativeTarget;
			buildConfigurationList = A4145D301DCD464800770B8D /* Build configuration list for PBXNativeTarget "KarticeUITests" */;
			buildPhases = (
				3CAEB74049CF9CD85F6D05AE /* [CP] Check Pods Manifest.lock */,
				A4145D1D1DCD464800770B8D /* Sources */,
				A4145D1E1DCD464800770B8D /* Frameworks */,
				A4145D1F1DCD464800770B8D /* Resources */,
				9E8262A3E2EB6E19067AFDE5 /* [CP] Embed Pods Frameworks */,
				0D8921FE782EBEAB00E9E23E /* [CP] Copy Pods Resources */,
			);
			buildRules = (
			);
			dependencies = (
				A4145D231DCD464800770B8D /* PBXTargetDependency */,
			);
			name = KarticeUITests;
			productName = KarticeUITests;
			productReference = A4145D211DCD464800770B8D /* KarticeUITests.xctest */;
			productType = "com.apple.product-type.bundle.ui-testing";
		};
		A4AC9BFB1DE4C82D00A44559 /* today */ = {
			isa = PBXNativeTarget;
			buildConfigurationList = A4AC9C0B1DE4C82D00A44559 /* Build configuration list for PBXNativeTarget "today" */;
			buildPhases = (
				A4AC9BF81DE4C82D00A44559 /* Sources */,
				A4AC9BF91DE4C82D00A44559 /* Frameworks */,
				A4AC9BFA1DE4C82D00A44559 /* Resources */,
			);
			buildRules = (
			);
			dependencies = (
			);
			name = today;
			productName = today;
			productReference = A4AC9BFC1DE4C82D00A44559 /* today.appex */;
			productType = "com.apple.product-type.app-extension";
		};
/* End PBXNativeTarget section */

/* Begin PBXProject section */
		A4145CF71DCD464800770B8D /* Project object */ = {
			isa = PBXProject;
			attributes = {
				LastSwiftUpdateCheck = 0820;
				LastUpgradeCheck = 0820;
				ORGANIZATIONNAME = "Darko Dujmovic";
				TargetAttributes = {
					A4145CFE1DCD464800770B8D = {
						CreatedOnToolsVersion = 8.1;
						DevelopmentTeam = RDP7H8L6QM;
						ProvisioningStyle = Automatic;
						SystemCapabilities = {
							com.apple.ApplicationGroups.iOS = {
								enabled = 1;
							};
						};
					};
					A4145D151DCD464800770B8D = {
						CreatedOnToolsVersion = 8.1;
						DevelopmentTeam = RDP7H8L6QM;
						ProvisioningStyle = Automatic;
						TestTargetID = A4145CFE1DCD464800770B8D;
					};
					A4145D201DCD464800770B8D = {
						CreatedOnToolsVersion = 8.1;
						DevelopmentTeam = RDP7H8L6QM;
						ProvisioningStyle = Automatic;
						TestTargetID = A4145CFE1DCD464800770B8D;
					};
					A4AC9BFB1DE4C82D00A44559 = {
						CreatedOnToolsVersion = 8.2;
						DevelopmentTeam = RDP7H8L6QM;
						ProvisioningStyle = Automatic;
						SystemCapabilities = {
							com.apple.ApplicationGroups.iOS = {
								enabled = 1;
							};
						};
					};
				};
			};
			buildConfigurationList = A4145CFA1DCD464800770B8D /* Build configuration list for PBXProject "Kartice" */;
			compatibilityVersion = "Xcode 3.2";
			developmentRegion = English;
			hasScannedForEncodings = 0;
			knownRegions = (
				en,
				Base,
			);
			mainGroup = A4145CF61DCD464800770B8D;
			productRefGroup = A4145D001DCD464800770B8D /* Products */;
			projectDirPath = "";
			projectRoot = "";
			targets = (
				A4145CFE1DCD464800770B8D /* Kartice */,
				A4145D151DCD464800770B8D /* KarticeTests */,
				A4145D201DCD464800770B8D /* KarticeUITests */,
				A4AC9BFB1DE4C82D00A44559 /* today */,
			);
		};
/* End PBXProject section */

/* Begin PBXResourcesBuildPhase section */
		A4145CFD1DCD464800770B8D /* Resources */ = {
			isa = PBXResourcesBuildPhase;
			buildActionMask = 2147483647;
			files = (
				A4E3D06C1E33A0F200213B08 /* Main.storyboard in Resources */,
				A4145D101DCD464800770B8D /* LaunchScreen.storyboard in Resources */,
				A4AAF3901E30BF380092FB74 /* Assets.xcassets in Resources */,
			);
			runOnlyForDeploymentPostprocessing = 0;
		};
		A4145D141DCD464800770B8D /* Resources */ = {
			isa = PBXResourcesBuildPhase;
			buildActionMask = 2147483647;
			files = (
			);
			runOnlyForDeploymentPostprocessing = 0;
		};
		A4145D1F1DCD464800770B8D /* Resources */ = {
			isa = PBXResourcesBuildPhase;
			buildActionMask = 2147483647;
			files = (
			);
			runOnlyForDeploymentPostprocessing = 0;
		};
		A4AC9BFA1DE4C82D00A44559 /* Resources */ = {
			isa = PBXResourcesBuildPhase;
			buildActionMask = 2147483647;
			files = (
				A4AC9C041DE4C82D00A44559 /* MainInterface.storyboard in Resources */,
			);
			runOnlyForDeploymentPostprocessing = 0;
		};
/* End PBXResourcesBuildPhase section */

/* Begin PBXShellScriptBuildPhase section */
		0D8921FE782EBEAB00E9E23E /* [CP] Copy Pods Resources */ = {
			isa = PBXShellScriptBuildPhase;
			buildActionMask = 2147483647;
			files = (
			);
			inputPaths = (
			);
			name = "[CP] Copy Pods Resources";
			outputPaths = (
			);
			runOnlyForDeploymentPostprocessing = 0;
			shellPath = /bin/sh;
			shellScript = "\"${SRCROOT}/Pods/Target Support Files/Pods-KarticeUITests/Pods-KarticeUITests-resources.sh\"\n";
			showEnvVarsInLog = 0;
		};
		12E904BFEBD499801AA7C95D /* [CP] Copy Pods Resources */ = {
			isa = PBXShellScriptBuildPhase;
			buildActionMask = 2147483647;
			files = (
			);
			inputPaths = (
			);
			name = "[CP] Copy Pods Resources";
			outputPaths = (
			);
			runOnlyForDeploymentPostprocessing = 0;
			shellPath = /bin/sh;
			shellScript = "\"${SRCROOT}/Pods/Target Support Files/Pods-KarticeTests/Pods-KarticeTests-resources.sh\"\n";
			showEnvVarsInLog = 0;
		};
		1433AF0A31635FC02AF40317 /* [CP] Check Pods Manifest.lock */ = {
			isa = PBXShellScriptBuildPhase;
			buildActionMask = 2147483647;
			files = (
			);
			inputPaths = (
			);
			name = "[CP] Check Pods Manifest.lock";
			outputPaths = (
			);
			runOnlyForDeploymentPostprocessing = 0;
			shellPath = /bin/sh;
			shellScript = "diff \"${PODS_ROOT}/../Podfile.lock\" \"${PODS_ROOT}/Manifest.lock\" > /dev/null\nif [ $? != 0 ] ; then\n    # print error to STDERR\n    echo \"error: The sandbox is not in sync with the Podfile.lock. Run 'pod install' or update your CocoaPods installation.\" >&2\n    exit 1\nfi\n";
			showEnvVarsInLog = 0;
		};
		1E01C151D3C15FDA3649FFE5 /* [CP] Embed Pods Frameworks */ = {
			isa = PBXShellScriptBuildPhase;
			buildActionMask = 2147483647;
			files = (
			);
			inputPaths = (
			);
			name = "[CP] Embed Pods Frameworks";
			outputPaths = (
			);
			runOnlyForDeploymentPostprocessing = 0;
			shellPath = /bin/sh;
			shellScript = "\"${SRCROOT}/Pods/Target Support Files/Pods-Kartice/Pods-Kartice-frameworks.sh\"\n";
			showEnvVarsInLog = 0;
		};
		2C34597B6678B82B12B0809A /* [CP] Embed Pods Frameworks */ = {
			isa = PBXShellScriptBuildPhase;
			buildActionMask = 2147483647;
			files = (
			);
			inputPaths = (
			);
			name = "[CP] Embed Pods Frameworks";
			outputPaths = (
			);
			runOnlyForDeploymentPostprocessing = 0;
			shellPath = /bin/sh;
			shellScript = "\"${SRCROOT}/Pods/Target Support Files/Pods-KarticeTests/Pods-KarticeTests-frameworks.sh\"\n";
			showEnvVarsInLog = 0;
		};
		3CAEB74049CF9CD85F6D05AE /* [CP] Check Pods Manifest.lock */ = {
			isa = PBXShellScriptBuildPhase;
			buildActionMask = 2147483647;
			files = (
			);
			inputPaths = (
			);
			name = "[CP] Check Pods Manifest.lock";
			outputPaths = (
			);
			runOnlyForDeploymentPostprocessing = 0;
			shellPath = /bin/sh;
			shellScript = "diff \"${PODS_ROOT}/../Podfile.lock\" \"${PODS_ROOT}/Manifest.lock\" > /dev/null\nif [ $? != 0 ] ; then\n    # print error to STDERR\n    echo \"error: The sandbox is not in sync with the Podfile.lock. Run 'pod install' or update your CocoaPods installation.\" >&2\n    exit 1\nfi\n";
			showEnvVarsInLog = 0;
		};
		47193FBC2628F2E3C04802D0 /* [CP] Check Pods Manifest.lock */ = {
			isa = PBXShellScriptBuildPhase;
			buildActionMask = 2147483647;
			files = (
			);
			inputPaths = (
			);
			name = "[CP] Check Pods Manifest.lock";
			outputPaths = (
			);
			runOnlyForDeploymentPostprocessing = 0;
			shellPath = /bin/sh;
			shellScript = "diff \"${PODS_ROOT}/../Podfile.lock\" \"${PODS_ROOT}/Manifest.lock\" > /dev/null\nif [ $? != 0 ] ; then\n    # print error to STDERR\n    echo \"error: The sandbox is not in sync with the Podfile.lock. Run 'pod install' or update your CocoaPods installation.\" >&2\n    exit 1\nfi\n";
			showEnvVarsInLog = 0;
		};
		9E8262A3E2EB6E19067AFDE5 /* [CP] Embed Pods Frameworks */ = {
			isa = PBXShellScriptBuildPhase;
			buildActionMask = 2147483647;
			files = (
			);
			inputPaths = (
			);
			name = "[CP] Embed Pods Frameworks";
			outputPaths = (
			);
			runOnlyForDeploymentPostprocessing = 0;
			shellPath = /bin/sh;
			shellScript = "\"${SRCROOT}/Pods/Target Support Files/Pods-KarticeUITests/Pods-KarticeUITests-frameworks.sh\"\n";
			showEnvVarsInLog = 0;
		};
		F228314CDFC320CEBCA927B7 /* [CP] Copy Pods Resources */ = {
			isa = PBXShellScriptBuildPhase;
			buildActionMask = 2147483647;
			files = (
			);
			inputPaths = (
			);
			name = "[CP] Copy Pods Resources";
			outputPaths = (
			);
			runOnlyForDeploymentPostprocessing = 0;
			shellPath = /bin/sh;
			shellScript = "\"${SRCROOT}/Pods/Target Support Files/Pods-Kartice/Pods-Kartice-resources.sh\"\n";
			showEnvVarsInLog = 0;
		};
/* End PBXShellScriptBuildPhase section */

/* Begin PBXSourcesBuildPhase section */
		A4145CFB1DCD464800770B8D /* Sources */ = {
			isa = PBXSourcesBuildPhase;
			buildActionMask = 2147483647;
			files = (
				A4145D051DCD464800770B8D /* ViewController.swift in Sources */,
				A442AAEB1DCE1EC200E2E587 /* extensionsForViewController.swift in Sources */,
				A40C80D71DCFD51E00006291 /* customCell.swift in Sources */,
				A4F203D21DCE2DD3006B20B7 /* mainViewController.swift in Sources */,
				A4145D031DCD464800770B8D /* AppDelegate.swift in Sources */,
				A4D6BC001DD4D4FA00AC7DE6 /* barcodesParser.swift in Sources */,
				A4B520941DCF62150046597D /* displayDataController.swift in Sources */,
				A4145D0B1DCD464800770B8D /* Kartice.xcdatamodeld in Sources */,
				A40B79021DD106E0003591F7 /* readerViewController.swift in Sources */,
			);
			runOnlyForDeploymentPostprocessing = 0;
		};
		A4145D121DCD464800770B8D /* Sources */ = {
			isa = PBXSourcesBuildPhase;
			buildActionMask = 2147483647;
			files = (
				A4145D1B1DCD464800770B8D /* KarticeTests.swift in Sources */,
			);
			runOnlyForDeploymentPostprocessing = 0;
		};
		A4145D1D1DCD464800770B8D /* Sources */ = {
			isa = PBXSourcesBuildPhase;
			buildActionMask = 2147483647;
			files = (
				A4145D261DCD464800770B8D /* KarticeUITests.swift in Sources */,
			);
			runOnlyForDeploymentPostprocessing = 0;
		};
		A4AC9BF81DE4C82D00A44559 /* Sources */ = {
			isa = PBXSourcesBuildPhase;
			buildActionMask = 2147483647;
			files = (
				A4AC9C011DE4C82D00A44559 /* TodayViewController.swift in Sources */,
			);
			runOnlyForDeploymentPostprocessing = 0;
		};
/* End PBXSourcesBuildPhase section */

/* Begin PBXTargetDependency section */
		A4145D181DCD464800770B8D /* PBXTargetDependency */ = {
			isa = PBXTargetDependency;
			target = A4145CFE1DCD464800770B8D /* Kartice */;
			targetProxy = A4145D171DCD464800770B8D /* PBXContainerItemProxy */;
		};
		A4145D231DCD464800770B8D /* PBXTargetDependency */ = {
			isa = PBXTargetDependency;
			target = A4145CFE1DCD464800770B8D /* Kartice */;
			targetProxy = A4145D221DCD464800770B8D /* PBXContainerItemProxy */;
		};
		A4AC9C071DE4C82D00A44559 /* PBXTargetDependency */ = {
			isa = PBXTargetDependency;
			target = A4AC9BFB1DE4C82D00A44559 /* today */;
			targetProxy = A4AC9C061DE4C82D00A44559 /* PBXContainerItemProxy */;
		};
/* End PBXTargetDependency section */

/* Begin PBXVariantGroup section */
		A4145D0E1DCD464800770B8D /* LaunchScreen.storyboard */ = {
			isa = PBXVariantGroup;
			children = (
				A4145D0F1DCD464800770B8D /* Base */,
			);
			name = LaunchScreen.storyboard;
			sourceTree = "<group>";
		};
		A4AC9C021DE4C82D00A44559 /* MainInterface.storyboard */ = {
			isa = PBXVariantGroup;
			children = (
				A4AC9C031DE4C82D00A44559 /* Base */,
			);
			name = MainInterface.storyboard;
			sourceTree = "<group>";
		};
		A4E3D06A1E33A0F200213B08 /* Main.storyboard */ = {
			isa = PBXVariantGroup;
			children = (
				A4E3D06B1E33A0F200213B08 /* Base */,
			);
			name = Main.storyboard;
			sourceTree = "<group>";
		};
/* End PBXVariantGroup section */

/* Begin XCBuildConfiguration section */
		A4145D281DCD464800770B8D /* Debug */ = {
			isa = XCBuildConfiguration;
			buildSettings = {
				ALWAYS_SEARCH_USER_PATHS = NO;
				CLANG_ANALYZER_LOCALIZABILITY_NONLOCALIZED = YES;
				CLANG_ANALYZER_NONNULL = YES;
				CLANG_CXX_LANGUAGE_STANDARD = "gnu++0x";
				CLANG_CXX_LIBRARY = "libc++";
				CLANG_ENABLE_MODULES = YES;
				CLANG_ENABLE_OBJC_ARC = YES;
				CLANG_WARN_BOOL_CONVERSION = YES;
				CLANG_WARN_CONSTANT_CONVERSION = YES;
				CLANG_WARN_DIRECT_OBJC_ISA_USAGE = YES_ERROR;
				CLANG_WARN_DOCUMENTATION_COMMENTS = YES;
				CLANG_WARN_EMPTY_BODY = YES;
				CLANG_WARN_ENUM_CONVERSION = YES;
				CLANG_WARN_INFINITE_RECURSION = YES;
				CLANG_WARN_INT_CONVERSION = YES;
				CLANG_WARN_OBJC_ROOT_CLASS = YES_ERROR;
				CLANG_WARN_SUSPICIOUS_MOVE = YES;
				CLANG_WARN_SUSPICIOUS_MOVES = YES;
				CLANG_WARN_UNREACHABLE_CODE = YES;
				CLANG_WARN__DUPLICATE_METHOD_MATCH = YES;
				"CODE_SIGN_IDENTITY[sdk=iphoneos*]" = "iPhone Developer";
				COPY_PHASE_STRIP = NO;
				DEBUG_INFORMATION_FORMAT = dwarf;
				ENABLE_STRICT_OBJC_MSGSEND = YES;
				ENABLE_TESTABILITY = YES;
				GCC_C_LANGUAGE_STANDARD = gnu99;
				GCC_DYNAMIC_NO_PIC = NO;
				GCC_NO_COMMON_BLOCKS = YES;
				GCC_OPTIMIZATION_LEVEL = 0;
				GCC_PREPROCESSOR_DEFINITIONS = (
					"DEBUG=1",
					"$(inherited)",
				);
				GCC_WARN_64_TO_32_BIT_CONVERSION = YES;
				GCC_WARN_ABOUT_RETURN_TYPE = YES_ERROR;
				GCC_WARN_UNDECLARED_SELECTOR = YES;
				GCC_WARN_UNINITIALIZED_AUTOS = YES_AGGRESSIVE;
				GCC_WARN_UNUSED_FUNCTION = YES;
				GCC_WARN_UNUSED_VARIABLE = YES;
				IPHONEOS_DEPLOYMENT_TARGET = 10.1;
				MTL_ENABLE_DEBUG_INFO = YES;
				ONLY_ACTIVE_ARCH = YES;
				SDKROOT = iphoneos;
				SWIFT_ACTIVE_COMPILATION_CONDITIONS = DEBUG;
				SWIFT_OPTIMIZATION_LEVEL = "-Owholemodule";
			};
			name = Debug;
		};
		A4145D291DCD464800770B8D /* Release */ = {
			isa = XCBuildConfiguration;
			buildSettings = {
				ALWAYS_SEARCH_USER_PATHS = NO;
				CLANG_ANALYZER_LOCALIZABILITY_NONLOCALIZED = YES;
				CLANG_ANALYZER_NONNULL = YES;
				CLANG_CXX_LANGUAGE_STANDARD = "gnu++0x";
				CLANG_CXX_LIBRARY = "libc++";
				CLANG_ENABLE_MODULES = YES;
				CLANG_ENABLE_OBJC_ARC = YES;
				CLANG_WARN_BOOL_CONVERSION = YES;
				CLANG_WARN_CONSTANT_CONVERSION = YES;
				CLANG_WARN_DIRECT_OBJC_ISA_USAGE = YES_ERROR;
				CLANG_WARN_DOCUMENTATION_COMMENTS = YES;
				CLANG_WARN_EMPTY_BODY = YES;
				CLANG_WARN_ENUM_CONVERSION = YES;
				CLANG_WARN_INFINITE_RECURSION = YES;
				CLANG_WARN_INT_CONVERSION = YES;
				CLANG_WARN_OBJC_ROOT_CLASS = YES_ERROR;
				CLANG_WARN_SUSPICIOUS_MOVE = YES;
				CLANG_WARN_SUSPICIOUS_MOVES = YES;
				CLANG_WARN_UNREACHABLE_CODE = YES;
				CLANG_WARN__DUPLICATE_METHOD_MATCH = YES;
				"CODE_SIGN_IDENTITY[sdk=iphoneos*]" = "iPhone Developer";
				COPY_PHASE_STRIP = NO;
				DEBUG_INFORMATION_FORMAT = "dwarf-with-dsym";
				ENABLE_NS_ASSERTIONS = NO;
				ENABLE_STRICT_OBJC_MSGSEND = YES;
				GCC_C_LANGUAGE_STANDARD = gnu99;
				GCC_NO_COMMON_BLOCKS = YES;
				GCC_OPTIMIZATION_LEVEL = 0;
				GCC_WARN_64_TO_32_BIT_CONVERSION = YES;
				GCC_WARN_ABOUT_RETURN_TYPE = YES_ERROR;
				GCC_WARN_UNDECLARED_SELECTOR = YES;
				GCC_WARN_UNINITIALIZED_AUTOS = YES_AGGRESSIVE;
				GCC_WARN_UNUSED_FUNCTION = YES;
				GCC_WARN_UNUSED_VARIABLE = YES;
				IPHONEOS_DEPLOYMENT_TARGET = 10.1;
				MTL_ENABLE_DEBUG_INFO = NO;
				ONLY_ACTIVE_ARCH = NO;
				SDKROOT = iphoneos;
				SWIFT_OPTIMIZATION_LEVEL = "-Owholemodule";
				VALIDATE_PRODUCT = YES;
			};
			name = Release;
		};
		A4145D2B1DCD464800770B8D /* Debug */ = {
			isa = XCBuildConfiguration;
			baseConfigurationReference = 3E6506CB2CF70DB005434040 /* Pods-Kartice.debug.xcconfig */;
			buildSettings = {
				ALWAYS_EMBED_SWIFT_STANDARD_LIBRARIES = YES;
				ASSETCATALOG_COMPILER_APPICON_NAME = AppIcon;
				CODE_SIGN_ENTITLEMENTS = Kartice/Kartice.entitlements;
				DEVELOPMENT_TEAM = RDP7H8L6QM;
				INFOPLIST_FILE = Kartice/Info.plist;
				IPHONEOS_DEPLOYMENT_TARGET = 10.1;
				LD_RUNPATH_SEARCH_PATHS = "$(inherited) @executable_path/Frameworks";
				PRODUCT_BUNDLE_IDENTIFIER = com.darko.Kartice;
				PRODUCT_NAME = "$(TARGET_NAME)";
				SWIFT_VERSION = 3.0;
			};
			name = Debug;
		};
		A4145D2C1DCD464800770B8D /* Release */ = {
			isa = XCBuildConfiguration;
			baseConfigurationReference = D70A3945BF102C35EF1D9E2A /* Pods-Kartice.release.xcconfig */;
			buildSettings = {
				ALWAYS_EMBED_SWIFT_STANDARD_LIBRARIES = YES;
				ASSETCATALOG_COMPILER_APPICON_NAME = AppIcon;
				CODE_SIGN_ENTITLEMENTS = Kartice/Kartice.entitlements;
				DEVELOPMENT_TEAM = RDP7H8L6QM;
				INFOPLIST_FILE = Kartice/Info.plist;
				IPHONEOS_DEPLOYMENT_TARGET = 10.1;
				LD_RUNPATH_SEARCH_PATHS = "$(inherited) @executable_path/Frameworks";
				PRODUCT_BUNDLE_IDENTIFIER = com.darko.Kartice;
				PRODUCT_NAME = "$(TARGET_NAME)";
				SWIFT_VERSION = 3.0;
			};
			name = Release;
		};
		A4145D2E1DCD464800770B8D /* Debug */ = {
			isa = XCBuildConfiguration;
			baseConfigurationReference = 8A6923531EFA88B523EF659A /* Pods-KarticeTests.debug.xcconfig */;
			buildSettings = {
				ALWAYS_EMBED_SWIFT_STANDARD_LIBRARIES = YES;
				BUNDLE_LOADER = "$(TEST_HOST)";
				DEVELOPMENT_TEAM = RDP7H8L6QM;
				INFOPLIST_FILE = KarticeTests/Info.plist;
				LD_RUNPATH_SEARCH_PATHS = "$(inherited) @executable_path/Frameworks @loader_path/Frameworks";
				PRODUCT_BUNDLE_IDENTIFIER = com.darko.KarticeTests;
				PRODUCT_NAME = "$(TARGET_NAME)";
				SWIFT_VERSION = 3.0;
				TEST_HOST = "$(BUILT_PRODUCTS_DIR)/Kartice.app/Kartice";
			};
			name = Debug;
		};
		A4145D2F1DCD464800770B8D /* Release */ = {
			isa = XCBuildConfiguration;
			baseConfigurationReference = C94CC68DF0E5D3079D94434C /* Pods-KarticeTests.release.xcconfig */;
			buildSettings = {
				ALWAYS_EMBED_SWIFT_STANDARD_LIBRARIES = YES;
				BUNDLE_LOADER = "$(TEST_HOST)";
				DEVELOPMENT_TEAM = RDP7H8L6QM;
				INFOPLIST_FILE = KarticeTests/Info.plist;
				LD_RUNPATH_SEARCH_PATHS = "$(inherited) @executable_path/Frameworks @loader_path/Frameworks";
				PRODUCT_BUNDLE_IDENTIFIER = com.darko.KarticeTests;
				PRODUCT_NAME = "$(TARGET_NAME)";
				SWIFT_VERSION = 3.0;
				TEST_HOST = "$(BUILT_PRODUCTS_DIR)/Kartice.app/Kartice";
			};
			name = Release;
		};
		A4145D311DCD464800770B8D /* Debug */ = {
			isa = XCBuildConfiguration;
			baseConfigurationReference = 75A56B484E3918097C66DF67 /* Pods-KarticeUITests.debug.xcconfig */;
			buildSettings = {
				ALWAYS_EMBED_SWIFT_STANDARD_LIBRARIES = YES;
				DEVELOPMENT_TEAM = RDP7H8L6QM;
				INFOPLIST_FILE = KarticeUITests/Info.plist;
				LD_RUNPATH_SEARCH_PATHS = "$(inherited) @executable_path/Frameworks @loader_path/Frameworks";
				PRODUCT_BUNDLE_IDENTIFIER = com.darko.KarticeUITests;
				PRODUCT_NAME = "$(TARGET_NAME)";
				SWIFT_VERSION = 3.0;
				TEST_TARGET_NAME = Kartice;
			};
			name = Debug;
		};
		A4145D321DCD464800770B8D /* Release */ = {
			isa = XCBuildConfiguration;
			baseConfigurationReference = 873B815D678435A55D12EABD /* Pods-KarticeUITests.release.xcconfig */;
			buildSettings = {
				ALWAYS_EMBED_SWIFT_STANDARD_LIBRARIES = YES;
				DEVELOPMENT_TEAM = RDP7H8L6QM;
				INFOPLIST_FILE = KarticeUITests/Info.plist;
				LD_RUNPATH_SEARCH_PATHS = "$(inherited) @executable_path/Frameworks @loader_path/Frameworks";
				PRODUCT_BUNDLE_IDENTIFIER = com.darko.KarticeUITests;
				PRODUCT_NAME = "$(TARGET_NAME)";
				SWIFT_VERSION = 3.0;
				TEST_TARGET_NAME = Kartice;
			};
			name = Release;
		};
		A4AC9C091DE4C82D00A44559 /* Debug */ = {
			isa = XCBuildConfiguration;
			buildSettings = {
				CODE_SIGN_ENTITLEMENTS = today/today.entitlements;
				DEVELOPMENT_TEAM = RDP7H8L6QM;
				INFOPLIST_FILE = today/Info.plist;
				IPHONEOS_DEPLOYMENT_TARGET = 10.2;
				LD_RUNPATH_SEARCH_PATHS = "$(inherited) @executable_path/Frameworks @executable_path/../../Frameworks";
				PRODUCT_BUNDLE_IDENTIFIER = com.darko.Kartice.today;
				PRODUCT_NAME = "$(TARGET_NAME)";
				SKIP_INSTALL = YES;
				SWIFT_OPTIMIZATION_LEVEL = "-Onone";
				SWIFT_VERSION = 3.0;
			};
			name = Debug;
		};
		A4AC9C0A1DE4C82D00A44559 /* Release */ = {
			isa = XCBuildConfiguration;
			buildSettings = {
				CODE_SIGN_ENTITLEMENTS = today/today.entitlements;
				DEVELOPMENT_TEAM = RDP7H8L6QM;
				INFOPLIST_FILE = today/Info.plist;
				IPHONEOS_DEPLOYMENT_TARGET = 10.2;
				LD_RUNPATH_SEARCH_PATHS = "$(inherited) @executable_path/Frameworks @executable_path/../../Frameworks";
				PRODUCT_BUNDLE_IDENTIFIER = com.darko.Kartice.today;
				PRODUCT_NAME = "$(TARGET_NAME)";
				SKIP_INSTALL = YES;
				SWIFT_VERSION = 3.0;
			};
			name = Release;
		};
/* End XCBuildConfiguration section */

/* Begin XCConfigurationList section */
		A4145CFA1DCD464800770B8D /* Build configuration list for PBXProject "Kartice" */ = {
			isa = XCConfigurationList;
			buildConfigurations = (
				A4145D281DCD464800770B8D /* Debug */,
				A4145D291DCD464800770B8D /* Release */,
			);
			defaultConfigurationIsVisible = 0;
			defaultConfigurationName = Release;
		};
		A4145D2A1DCD464800770B8D /* Build configuration list for PBXNativeTarget "Kartice" */ = {
			isa = XCConfigurationList;
			buildConfigurations = (
				A4145D2B1DCD464800770B8D /* Debug */,
				A4145D2C1DCD464800770B8D /* Release */,
			);
			defaultConfigurationIsVisible = 0;
			defaultConfigurationName = Release;
		};
		A4145D2D1DCD464800770B8D /* Build configuration list for PBXNativeTarget "KarticeTests" */ = {
			isa = XCConfigurationList;
			buildConfigurations = (
				A4145D2E1DCD464800770B8D /* Debug */,
				A4145D2F1DCD464800770B8D /* Release */,
			);
			defaultConfigurationIsVisible = 0;
			defaultConfigurationName = Release;
		};
		A4145D301DCD464800770B8D /* Build configuration list for PBXNativeTarget "KarticeUITests" */ = {
			isa = XCConfigurationList;
			buildConfigurations = (
				A4145D311DCD464800770B8D /* Debug */,
				A4145D321DCD464800770B8D /* Release */,
			);
			defaultConfigurationIsVisible = 0;
			defaultConfigurationName = Release;
		};
		A4AC9C0B1DE4C82D00A44559 /* Build configuration list for PBXNativeTarget "today" */ = {
			isa = XCConfigurationList;
			buildConfigurations = (
				A4AC9C091DE4C82D00A44559 /* Debug */,
				A4AC9C0A1DE4C82D00A44559 /* Release */,
			);
			defaultConfigurationIsVisible = 0;
			defaultConfigurationName = Release;
		};
/* End XCConfigurationList section */

/* Begin XCVersionGroup section */
		A4145D091DCD464800770B8D /* Kartice.xcdatamodeld */ = {
			isa = XCVersionGroup;
			children = (
				A4145D0A1DCD464800770B8D /* Kartice.xcdatamodel */,
			);
			currentVersion = A4145D0A1DCD464800770B8D /* Kartice.xcdatamodel */;
			path = Kartice.xcdatamodeld;
			sourceTree = "<group>";
			versionGroupType = wrapper.xcdatamodel;
		};
/* End XCVersionGroup section */
	};
	rootObject = A4145CF71DCD464800770B8D /* Project object */;
}
